
Microsoft Visual Studio Solution File, Format Version 12.00
# Visual Studio 2013
VisualStudioVersion = 12.0.40629.0
MinimumVisualStudioVersion = 10.0.40219.1
Project("{FAE04EC0-301F-11D3-BF4B-00C04F79EFBC}") = "CYInfo.CMKWeb", "CYInfo.CMKWeb\CYInfo.CMKWeb.csproj", "{C551D8A4-4218-4D65-A24E-024816EB62AE}"
EndProject
Project("{2150E333-8FDC-42A3-9474-1A3956D46DE8}") = ".nuget", ".nuget", "{19CC29B3-E33B-466D-BB55-59F48F5F508D}"
	ProjectSection(SolutionItems) = preProject
		.nuget\NuGet.Config = .nuget\NuGet.Config
		.nuget\NuGet.exe = .nuget\NuGet.exe
		.nuget\NuGet.targets = .nuget\NuGet.targets
	EndProjectSection
EndProject
Global
	GlobalSection(SolutionConfigurationPlatforms) = preSolution
		Debug|Any CPU = Debug|Any CPU
		Release|Any CPU = Release|Any CPU
	EndGlobalSection
	GlobalSection(ProjectConfigurationPlatforms) = postSolution
		{C551D8A4-4218-4D65-A24E-024816EB62AE}.Debug|Any CPU.ActiveCfg = Debug|Any CPU
		{C551D8A4-4218-4D65-A24E-024816EB62AE}.Debug|Any CPU.Build.0 = Debug|Any CPU
		{C551D8A4-4218-4D65-A24E-024816EB62AE}.Release|Any CPU.ActiveCfg = Release|Any CPU
		{C551D8A4-4218-4D65-A24E-024816EB62AE}.Release|Any CPU.Build.0 = Release|Any CPU
	EndGlobalSection
	GlobalSection(SolutionProperties) = preSolution
		HideSolutionNode = FALSE
	EndGlobalSection
EndGlobal
